{
  "name": "exercise",
  "version": "1.0.0",
  "lockfileVersion": 3,
  "requires": true,
  "packages": {
    "": {
      "name": "exercise",
      "version": "1.0.0",
      "license": "ISC",
      "dependencies": {
        "expressjs": "^1.0.1"
      },
      "devDependencies": {
        "tailwindcss": "^4.1.17"
      }
    },
    "node_modules/expressjs": {
      "version": "1.0.1",
      "resolved": "https://registry.npmjs.org/expressjs/-/expressjs-1.0.1.tgz",
      "integrity": "sha512-eFnQ5bMJxTZ29XwRJPV8ee/OURBBMS6Fm+b5rvMMEyz6u2IxPEh2SRzMZt9WvgnV+SMLmnzkALE1DnGG1HxJCw==",
      "deprecated": "This is a typosquat on the popular Express package. This is not maintained nor is the original Express package.",
      "license": "ISC"
    },
    "node_modules/tailwindcss": {
      "version": "4.1.17",
      "resolved": "https://registry.npmjs.org/tailwindcss/-/tailwindcss-4.1.17.tgz",
      "integrity": "sha512-j9Ee2YjuQqYT9bbRTfTZht9W/ytp5H+jJpZKiYdP/bpnXARAuELt9ofP0lPnmHjbga7SNQIxdTAXCmtKVYjN+Q==",
      "dev": true,
      "license": "MIT"
    }
  }
}
